// !$*UTF8*$!
{
	archiveVersion = 1;
	classes = {
	};
	objectVersion = 50;
	objects = {

/* Begin PBXBuildFile section */
		A61C478A20F6F06F007C7571 /* AppDelegate.swift in Sources */ = {isa = PBXBuildFile; fileRef = A61C478920F6F06F007C7571 /* AppDelegate.swift */; };
		A61C478C20F6F06F007C7571 /* ListViewController.swift in Sources */ = {isa = PBXBuildFile; fileRef = A61C478B20F6F06F007C7571 /* ListViewController.swift */; };
		A61C478F20F6F06F007C7571 /* Main.storyboard in Resources */ = {isa = PBXBuildFile; fileRef = A61C478D20F6F06F007C7571 /* Main.storyboard */; };
		A61C479220F6F06F007C7571 /* RecorderList.xcdatamodeld in Sources */ = {isa = PBXBuildFile; fileRef = A61C479020F6F06F007C7571 /* RecorderList.xcdatamodeld */; };
		A61C479420F6F074007C7571 /* Assets.xcassets in Resources */ = {isa = PBXBuildFile; fileRef = A61C479320F6F074007C7571 /* Assets.xcassets */; };
		A61C479720F6F074007C7571 /* LaunchScreen.storyboard in Resources */ = {isa = PBXBuildFile; fileRef = A61C479520F6F074007C7571 /* LaunchScreen.storyboard */; };
		A61C47A120F6F419007C7571 /* RecorderViewController.swift in Sources */ = {isa = PBXBuildFile; fileRef = A61C47A020F6F419007C7571 /* RecorderViewController.swift */; };
/* End PBXBuildFile section */

/* Begin PBXFileReference section */
		A61C478620F6F06F007C7571 /* RecorderList.app */ = {isa = PBXFileReference; explicitFileType = wrapper.application; includeInIndex = 0; path = RecorderList.app; sourceTree = BUILT_PRODUCTS_DIR; };
		A61C478920F6F06F007C7571 /* AppDelegate.swift */ = {isa = PBXFileReference; lastKnownFileType = sourcecode.swift; path = AppDelegate.swift; sourceTree = "<group>"; };
		A61C478B20F6F06F007C7571 /* ListViewController.swift */ = {isa = PBXFileReference; lastKnownFileType = sourcecode.swift; path = ListViewController.swift; sourceTree = "<group>"; };
		A61C478E20F6F06F007C7571 /* Base */ = {isa = PBXFileReference; lastKnownFileType = file.storyboard; name = Base; path = Base.lproj/Main.storyboard; sourceTree = "<group>"; };
		A61C479120F6F06F007C7571 /* RecorderList.xcdatamodel */ = {isa = PBXFileReference; lastKnownFileType = wrapper.xcdatamodel; path = RecorderList.xcdatamodel; sourceTree = "<group>"; };
		A61C479320F6F074007C7571 /* Assets.xcassets */ = {isa = PBXFileReference; lastKnownFileType = folder.assetcatalog; path = Assets.xcassets; sourceTree = "<group>"; };
		A61C479620F6F074007C7571 /* Base */ = {isa = PBXFileReference; lastKnownFileType = file.storyboard; name = Base; path = Base.lproj/LaunchScreen.storyboard; sourceTree = "<group>"; };
		A61C479820F6F074007C7571 /* Info.plist */ = {isa = PBXFileReference; lastKnownFileType = text.plist.xml; path = Info.plist; sourceTree = "<group>"; };
		A61C47A020F6F419007C7571 /* RecorderViewController.swift */ = {isa = PBXFileReference; lastKnownFileType = sourcecode.swift; path = RecorderViewController.swift; sourceTree = "<group>"; };
/* End PBXFileReference section */

/* Begin PBXFrameworksBuildPhase section */
		A61C478320F6F06F007C7571 /* Frameworks */ = {
			isa = PBXFrameworksBuildPhase;
			buildActionMask = 2147483647;
			files = (
			);
			runOnlyForDeploymentPostprocessing = 0;
		};
/* End PBXFrameworksBuildPhase section */

/* Begin PBXGroup section */
		A61C477D20F6F06F007C7571 = {
			isa = PBXGroup;
			children = (
				A61C478820F6F06F007C7571 /* RecorderList */,
				A61C478720F6F06F007C7571 /* Products */,
			);
			sourceTree = "<group>";
		};
		A61C478720F6F06F007C7571 /* Products */ = {
			isa = PBXGroup;
			children = (
				A61C478620F6F06F007C7571 /* RecorderList.app */,
			);
			name = Products;
			sourceTree = "<group>";
		};
		A61C478820F6F06F007C7571 /* RecorderList */ = {
			isa = PBXGroup;
			children = (
				A61C478920F6F06F007C7571 /* AppDelegate.swift */,
				A61C478B20F6F06F007C7571 /* ListViewController.swift */,
				A61C47A020F6F419007C7571 /* RecorderViewController.swift */,
				A61C478D20F6F06F007C7571 /* Main.storyboard */,
				A61C479320F6F074007C7571 /* Assets.xcassets */,
				A61C479520F6F074007C7571 /* LaunchScreen.storyboard */,
				A61C479820F6F074007C7571 /* Info.plist */,
				A61C479020F6F06F007C7571 /* RecorderList.xcdatamodeld */,
			);
			path = RecorderList;
			sourceTree = "<group>";
		};
/* End PBXGroup section */

/* Begin PBXNativeTarget section */
		A61C478520F6F06F007C7571 /* RecorderList */ = {
			isa = PBXNativeTarget;
			buildConfigurationList = A61C479B20F6F074007C7571 /* Build configuration list for PBXNativeTarget "RecorderList" */;
			buildPhases = (
				A61C478220F6F06F007C7571 /* Sources */,
				A61C478320F6F06F007C7571 /* Frameworks */,
				A61C478420F6F06F007C7571 /* Resources */,
			);
			buildRules = (
			);
			dependencies = (
			);
			name = RecorderList;
			productName = RecorderList;
			productReference = A61C478620F6F06F007C7571 /* RecorderList.app */;
			productType = "com.apple.product-type.application";
		};
/* End PBXNativeTarget section */

/* Begin PBXProject section */
		A61C477E20F6F06F007C7571 /* Project object */ = {
			isa = PBXProject;
			attributes = {
				LastSwiftUpdateCheck = 0940;
				LastUpgradeCheck = 0940;
				ORGANIZATIONNAME = Smorris;
				TargetAttributes = {
					A61C478520F6F06F007C7571 = {
						CreatedOnToolsVersion = 9.4.1;
					};
				};
			};
			buildConfigurationList = A61C478120F6F06F007C7571 /* Build configuration list for PBXProject "RecorderList" */;
			compatibilityVersion = "Xcode 9.3";
			developmentRegion = en;
			hasScannedForEncodings = 0;
			knownRegions = (
				en,
				Base,
			);
			mainGroup = A61C477D20F6F06F007C7571;
			productRefGroup = A61C478720F6F06F007C7571 /* Products */;
			projectDirPath = "";
			projectRoot = "";
			targets = (
				A61C478520F6F06F007C7571 /* RecorderList */,
			);
		};
/* End PBXProject section */

/* Begin PBXResourcesBuildPhase section */
		A61C478420F6F06F007C7571 /* Resources */ = {
			isa = PBXResourcesBuildPhase;
			buildActionMask = 2147483647;
			files = (
				A61C479720F6F074007C7571 /* LaunchScreen.storyboard in Resources */,
				A61C479420F6F074007C7571 /* Assets.xcassets in Resources */,
				A61C478F20F6F06F007C7571 /* Main.storyboard in Resources */,
			);
			runOnlyForDeploymentPostprocessing = 0;
		};
/* End PBXResourcesBuildPhase section */

/* Begin PBXSourcesBuildPhase section */
		A61C478220F6F06F007C7571 /* Sources */ = {
			isa = PBXSourcesBuildPhase;
			buildActionMask = 2147483647;
			files = (
				A61C47A120F6F419007C7571 /* RecorderViewController.swift in Sources */,
				A61C478C20F6F06F007C7571 /* ListViewController.swift in Sources */,
				A61C478A20F6F06F007C7571 /* AppDelegate.swift in Sources */,
				A61C479220F6F06F007C7571 /* RecorderList.xcdatamodeld in Sources */,
			);
			runOnlyForDeploymentPostprocessing = 0;
		};
/* End PBXSourcesBuildPhase section */

/* Begin PBXVariantGroup section */
		A61C478D20F6F06F007C7571 /* Main.storyboard */ = {
			isa = PBXVariantGroup;
			children = (
				A61C478E20F6F06F007C7571 /* Base */,
			);
			name = Main.storyboard;
			sourceTree = "<group>";
		};
		A61C479520F6F074007C7571 /* LaunchScreen.storyboard */ = {
			isa = PBXVariantGroup;
			children = (
				A61C479620F6F074007C7571 /* Base */,
			);
			name = LaunchScreen.storyboard;
			sourceTree = "<group>";
		};
/* End PBXVariantGroup section */

/* Begin XCBuildConfiguration section */
		A61C479920F6F074007C7571 /* Debug */ = {
			isa = XCBuildConfiguration;
			buildSettings = {
				ALWAYS_SEARCH_USER_PATHS = NO;
				CLANG_ANALYZER_NONNULL = YES;
				CLANG_ANALYZER_NUMBER_OBJECT_CONVERSION = YES_AGGRESSIVE;
				CLANG_CXX_LANGUAGE_STANDARD = "gnu++14";
				CLANG_CXX_LIBRARY = "libc++";
				CLANG_ENABLE_MODULES = YES;
				CLANG_ENABLE_OBJC_ARC = YES;
				CLANG_ENABLE_OBJC_WEAK = YES;
				CLANG_WARN_BLOCK_CAPTURE_AUTORELEASING = YES;
				CLANG_WARN_BOOL_CONVERSION = YES;
				CLANG_WARN_COMMA = YES;
				CLANG_WARN_CONSTANT_CONVERSION = YES;
				CLANG_WARN_DEPRECATED_OBJC_IMPLEMENTATIONS = YES;
				CLANG_WARN_DIRECT_OBJC_ISA_USAGE = YES_ERROR;
				CLANG_WARN_DOCUMENTATION_COMMENTS = YES;
				CLANG_WARN_EMPTY_BODY = YES;
				CLANG_WARN_ENUM_CONVERSION = YES;
				CLANG_WARN_INFINITE_RECURSION = YES;
				CLANG_WARN_INT_CONVERSION = YES;
				CLANG_WARN_NON_LITERAL_NULL_CONVERSION = YES;
				CLANG_WARN_OBJC_IMPLICIT_RETAIN_SELF = YES;
				CLANG_WARN_OBJC_LITERAL_CONVERSION = YES;
				CLANG_WARN_OBJC_ROOT_CLASS = YES_ERROR;
				CLANG_WARN_RANGE_LOOP_ANALYSIS = YES;
				CLANG_WARN_STRICT_PROTOTYPES = YES;
				CLANG_WARN_SUSPICIOUS_MOVE = YES;
				CLANG_WARN_UNGUARDED_AVAILABILITY = YES_AGGRESSIVE;
				CLANG_WARN_UNREACHABLE_CODE = YES;
				CLANG_WARN__DUPLICATE_METHOD_MATCH = YES;
				CODE_SIGN_IDENTITY = "iPhone Developer";
				COPY_PHASE_STRIP = NO;
				DEBUG_INFORMATION_FORMAT = dwarf;
				ENABLE_STRICT_OBJC_MSGSEND = YES;
				ENABLE_TESTABILITY = YES;
				GCC_C_LANGUAGE_STANDARD = gnu11;
				GCC_DYNAMIC_NO_PIC = NO;
				GCC_NO_COMMON_BLOCKS = YES;
				GCC_OPTIMIZATION_LEVEL = 0;
				GCC_PREPROCESSOR_DEFINITIONS = (
					"DEBUG=1",
					"$(inherited)",
				);
				GCC_WARN_64_TO_32_BIT_CONVERSION = YES;
				GCC_WARN_ABOUT_RETURN_TYPE = YES_ERROR;
				GCC_WARN_UNDECLARED_SELECTOR = YES;
				GCC_WARN_UNINITIALIZED_AUTOS = YES_AGGRESSIVE;
				GCC_WARN_UNUSED_FUNCTION = YES;
				GCC_WARN_UNUSED_VARIABLE = YES;
				IPHONEOS_DEPLOYMENT_TARGET = 11.4;
				MTL_ENABLE_DEBUG_INFO = YES;
				ONLY_ACTIVE_ARCH = YES;
				SDKROOT = iphoneos;
				SWIFT_ACTIVE_COMPILATION_CONDITIONS = DEBUG;
				SWIFT_OPTIMIZATION_LEVEL = "-Onone";
			};
			name = Debug;
		};
		A61C479A20F6F074007C7571 /* Release */ = {
			isa = XCBuildConfiguration;
			buildSettings = {
				ALWAYS_SEARCH_USER_PATHS = NO;
				CLANG_ANALYZER_NONNULL = YES;
				CLANG_ANALYZER_NUMBER_OBJECT_CONVERSION = YES_AGGRESSIVE;
				CLANG_CXX_LANGUAGE_STANDARD = "gnu++14";
				CLANG_CXX_LIBRARY = "libc++";
				CLANG_ENABLE_MODULES = YES;
				CLANG_ENABLE_OBJC_ARC = YES;
				CLANG_ENABLE_OBJC_WEAK = YES;
				CLANG_WARN_BLOCK_CAPTURE_AUTORELEASING = YES;
				CLANG_WARN_BOOL_CONVERSION = YES;
				CLANG_WARN_COMMA = YES;
				CLANG_WARN_CONSTANT_CONVERSION = YES;
				CLANG_WARN_DEPRECATED_OBJC_IMPLEMENTATIONS = YES;
				CLANG_WARN_DIRECT_OBJC_ISA_USAGE = YES_ERROR;
				CLANG_WARN_DOCUMENTATION_COMMENTS = YES;
				CLANG_WARN_EMPTY_BODY = YES;
				CLANG_WARN_ENUM_CONVERSION = YES;
				CLANG_WARN_INFINITE_RECURSION = YES;
				CLANG_WARN_INT_CONVERSION = YES;
				CLANG_WARN_NON_LITERAL_NULL_CONVERSION = YES;
				CLANG_WARN_OBJC_IMPLICIT_RETAIN_SELF = YES;
				CLANG_WARN_OBJC_LITERAL_CONVERSION = YES;
				CLANG_WARN_OBJC_ROOT_CLASS = YES_ERROR;
				CLANG_WARN_RANGE_LOOP_ANALYSIS = YES;
				CLANG_WARN_STRICT_PROTOTYPES = YES;
				CLANG_WARN_SUSPICIOUS_MOVE = YES;
				CLANG_WARN_UNGUARDED_AVAILABILITY = YES_AGGRESSIVE;
				CLANG_WARN_UNREACHABLE_CODE = YES;
				CLANG_WARN__DUPLICATE_METHOD_MATCH = YES;
				CODE_SIGN_IDENTITY = "iPhone Developer";
				COPY_PHASE_STRIP = NO;
				DEBUG_INFORMATION_FORMAT = "dwarf-with-dsym";
				ENABLE_NS_ASSERTIONS = NO;
				ENABLE_STRICT_OBJC_MSGSEND = YES;
				GCC_C_LANGUAGE_STANDARD = gnu11;
				GCC_NO_COMMON_BLOCKS = YES;
				GCC_WARN_64_TO_32_BIT_CONVERSION = YES;
				GCC_WARN_ABOUT_RETURN_TYPE = YES_ERROR;
				GCC_WARN_UNDECLARED_SELECTOR = YES;
				GCC_WARN_UNINITIALIZED_AUTOS = YES_AGGRESSIVE;
				GCC_WARN_UNUSED_FUNCTION = YES;
				GCC_WARN_UNUSED_VARIABLE = YES;
				IPHONEOS_DEPLOYMENT_TARGET = 11.4;
				MTL_ENABLE_DEBUG_INFO = NO;
				SDKROOT = iphoneos;
				SWIFT_COMPILATION_MODE = wholemodule;
				SWIFT_OPTIMIZATION_LEVEL = "-O";
				VALIDATE_PRODUCT = YES;
			};
			name = Release;
		};
		A61C479C20F6F074007C7571 /* Debug */ = {
			isa = XCBuildConfiguration;
			buildSettings = {
				ASSETCATALOG_COMPILER_APPICON_NAME = AppIcon;
				CODE_SIGN_STYLE = Automatic;
				INFOPLIST_FILE = RecorderList/Info.plist;
				LD_RUNPATH_SEARCH_PATHS = (
					"$(inherited)",
					"@executable_path/Frameworks",
				);
				PRODUCT_BUNDLE_IDENTIFIER = com.Smorris.RecorderList;
				PRODUCT_NAME = "$(TARGET_NAME)";
				SWIFT_VERSION = 4.0;
				TARGETED_DEVICE_FAMILY = "1,2";
			};
			name = Debug;
		};
		A61C479D20F6F074007C7571 /* Release */ = {
			isa = XCBuildConfiguration;
			buildSettings = {
				ASSETCATALOG_COMPILER_APPICON_NAME = AppIcon;
				CODE_SIGN_STYLE = Automatic;
				INFOPLIST_FILE = RecorderList/Info.plist;
				LD_RUNPATH_SEARCH_PATHS = (
					"$(inherited)",
					"@executable_path/Frameworks",
				);
				PRODUCT_BUNDLE_IDENTIFIER = com.Smorris.RecorderList;
				PRODUCT_NAME = "$(TARGET_NAME)";
				SWIFT_VERSION = 4.0;
				TARGETED_DEVICE_FAMILY = "1,2";
			};
			name = Release;
		};
/* End XCBuildConfiguration section */

/* Begin XCConfigurationList section */
		A61C478120F6F06F007C7571 /* Build configuration list for PBXProject "RecorderList" */ = {
			isa = XCConfigurationList;
			buildConfigurations = (
				A61C479920F6F074007C7571 /* Debug */,
				A61C479A20F6F074007C7571 /* Release */,
			);
			defaultConfigurationIsVisible = 0;
			defaultConfigurationName = Release;
		};
		A61C479B20F6F074007C7571 /* Build configuration list for PBXNativeTarget "RecorderList" */ = {
			isa = XCConfigurationList;
			buildConfigurations = (
				A61C479C20F6F074007C7571 /* Debug */,
				A61C479D20F6F074007C7571 /* Release */,
			);
			defaultConfigurationIsVisible = 0;
			defaultConfigurationName = Release;
		};
/* End XCConfigurationList section */

/* Begin XCVersionGroup section */
		A61C479020F6F06F007C7571 /* RecorderList.xcdatamodeld */ = {
			isa = XCVersionGroup;
			children = (
				A61C479120F6F06F007C7571 /* RecorderList.xcdatamodel */,
			);
			currentVersion = A61C479120F6F06F007C7571 /* RecorderList.xcdatamodel */;
			path = RecorderList.xcdatamodeld;
			sourceTree = "<group>";
			versionGroupType = wrapper.xcdatamodel;
		};
/* End XCVersionGroup section */
	};
	rootObject = A61C477E20F6F06F007C7571 /* Project object */;
}
